PODS:
  - PhoneNumberKit (3.3.3):
    - PhoneNumberKit/PhoneNumberKitCore (= 3.3.3)
    - PhoneNumberKit/UIKit (= 3.3.3)
  - PhoneNumberKit/PhoneNumberKitCore (3.3.3)
  - PhoneNumberKit/UIKit (3.3.3):
    - PhoneNumberKit/PhoneNumberKitCore

DEPENDENCIES:
  - PhoneNumberKit

SPEC REPOS:
  trunk:
    - PhoneNumberKit

SPEC CHECKSUMS:
  PhoneNumberKit: 4ce83273551c4d2ae10b7361162f4283dd02835f

PODFILE CHECKSUM: 60da314055aa2594113367a8488f5d206b18b026

COCOAPODS: 1.10.1
